
Microsoft Visual Studio Solution File, Format Version 12.00
Project("{FAE04EC0-301F-11D3-BF4B-00C04F79EFBC}") = "Coupling-intro", "Coupling-intro\Coupling-intro.csproj", "{D360E84A-A629-4551-8D31-FEE955554840}"
EndProject
Project("{FAE04EC0-301F-11D3-BF4B-00C04F79EFBC}") = "Coupling-Reduced", "Coupling-Reduced\Coupling-Reduced.csproj", "{234B8133-05DD-4A35-B331-9B967E0BB90F}"
EndProject
Global
	GlobalSection(SolutionConfigurationPlatforms) = preSolution
		Debug|Any CPU = Debug|Any CPU
		Release|Any CPU = Release|Any CPU
	EndGlobalSection
	GlobalSection(ProjectConfigurationPlatforms) = postSolution
		{D360E84A-A629-4551-8D31-FEE955554840}.Debug|Any CPU.ActiveCfg = Debug|Any CPU
		{D360E84A-A629-4551-8D31-FEE955554840}.Debug|Any CPU.Build.0 = Debug|Any CPU
		{D360E84A-A629-4551-8D31-FEE955554840}.Release|Any CPU.ActiveCfg = Release|Any CPU
		{D360E84A-A629-4551-8D31-FEE955554840}.Release|Any CPU.Build.0 = Release|Any CPU
		{234B8133-05DD-4A35-B331-9B967E0BB90F}.Debug|Any CPU.ActiveCfg = Debug|Any CPU
		{234B8133-05DD-4A35-B331-9B967E0BB90F}.Debug|Any CPU.Build.0 = Debug|Any CPU
		{234B8133-05DD-4A35-B331-9B967E0BB90F}.Release|Any CPU.ActiveCfg = Release|Any CPU
		{234B8133-05DD-4A35-B331-9B967E0BB90F}.Release|Any CPU.Build.0 = Release|Any CPU
	EndGlobalSection
EndGlobal
